// !$*UTF8*$!
{
	archiveVersion = 1;
	classes = {
	};
	objectVersion = 46;
	objects = {

/* Begin PBXBuildFile section */
		17502042E9D24C97EA6238D6 /* Pods_Moventum.framework in Frameworks */ = {isa = PBXBuildFile; fileRef = 8C0B306A787CC66DFC720535 /* Pods_Moventum.framework */; };
		42C1FF791B440A3F05A17DA4 /* Pods_MoventumTests.framework in Frameworks */ = {isa = PBXBuildFile; fileRef = 3275455AC8D5CD3754FBA751 /* Pods_MoventumTests.framework */; };
		5172AA0E1CC00C1F006215CA /* LoginViewModelTests.swift in Sources */ = {isa = PBXBuildFile; fileRef = 5172AA0D1CC00C1F006215CA /* LoginViewModelTests.swift */; };
		5172AA101CC00C62006215CA /* LoginViewModel.swift in Sources */ = {isa = PBXBuildFile; fileRef = 5172AA0F1CC00C62006215CA /* LoginViewModel.swift */; };
		5172AA131CC00FD5006215CA /* LoginViewController.swift in Sources */ = {isa = PBXBuildFile; fileRef = 5172AA121CC00FD5006215CA /* LoginViewController.swift */; };
		518E0FA31CBF6DB800DD51AA /* AppDelegate.swift in Sources */ = {isa = PBXBuildFile; fileRef = 518E0FA21CBF6DB800DD51AA /* AppDelegate.swift */; };
		518E0FAA1CBF6DB800DD51AA /* Assets.xcassets in Resources */ = {isa = PBXBuildFile; fileRef = 518E0FA91CBF6DB800DD51AA /* Assets.xcassets */; };
		518E0FAD1CBF6DB800DD51AA /* LaunchScreen.storyboard in Resources */ = {isa = PBXBuildFile; fileRef = 518E0FAB1CBF6DB800DD51AA /* LaunchScreen.storyboard */; };
		51936CF91CC060BF007E8250 /* Login.storyboard in Resources */ = {isa = PBXBuildFile; fileRef = 51936CF81CC060BF007E8250 /* Login.storyboard */; };
		51B15E2F1CBF725200809E8A /* Category.swift in Sources */ = {isa = PBXBuildFile; fileRef = 51B15E2E1CBF725200809E8A /* Category.swift */; };
		51B15E311CBF726300809E8A /* Move.swift in Sources */ = {isa = PBXBuildFile; fileRef = 51B15E301CBF726300809E8A /* Move.swift */; };
		51B15E331CBF726D00809E8A /* Item.swift in Sources */ = {isa = PBXBuildFile; fileRef = 51B15E321CBF726D00809E8A /* Item.swift */; };
		51B15E361CBF72C500809E8A /* CategoryViewModelTests.swift in Sources */ = {isa = PBXBuildFile; fileRef = 51B15E351CBF72C500809E8A /* CategoryViewModelTests.swift */; };
		51B15E381CBF743400809E8A /* CategoryViewModel.swift in Sources */ = {isa = PBXBuildFile; fileRef = 51B15E371CBF743400809E8A /* CategoryViewModel.swift */; };
		B9BE3FDCD940A3A1DD239EF6 /* Pods_MoventumUITests.framework in Frameworks */ = {isa = PBXBuildFile; fileRef = 02CD446ED5A765A5708CD593 /* Pods_MoventumUITests.framework */; };
/* End PBXBuildFile section */

/* Begin PBXContainerItemProxy section */
		518E0FB41CBF6DB800DD51AA /* PBXContainerItemProxy */ = {
			isa = PBXContainerItemProxy;
			containerPortal = 518E0F971CBF6DB800DD51AA /* Project object */;
			proxyType = 1;
			remoteGlobalIDString = 518E0F9E1CBF6DB800DD51AA;
			remoteInfo = Moventum;
		};
		518E0FBF1CBF6DB800DD51AA /* PBXContainerItemProxy */ = {
			isa = PBXContainerItemProxy;
			containerPortal = 518E0F971CBF6DB800DD51AA /* Project object */;
			proxyType = 1;
			remoteGlobalIDString = 518E0F9E1CBF6DB800DD51AA;
			remoteInfo = Moventum;
		};
/* End PBXContainerItemProxy section */

/* Begin PBXFileReference section */
		02ABE862D5AD6FFC05C69DE3 /* Pods-MoventumUITests.debug.xcconfig */ = {isa = PBXFileReference; includeInIndex = 1; lastKnownFileType = text.xcconfig; name = "Pods-MoventumUITests.debug.xcconfig"; path = "Pods/Target Support Files/Pods-MoventumUITests/Pods-MoventumUITests.debug.xcconfig"; sourceTree = "<group>"; };
		02CD446ED5A765A5708CD593 /* Pods_MoventumUITests.framework */ = {isa = PBXFileReference; explicitFileType = wrapper.framework; includeInIndex = 0; path = Pods_MoventumUITests.framework; sourceTree = BUILT_PRODUCTS_DIR; };
		1E1175F3AD7CF66B477F63DC /* Pods-MoventumTests.release.xcconfig */ = {isa = PBXFileReference; includeInIndex = 1; lastKnownFileType = text.xcconfig; name = "Pods-MoventumTests.release.xcconfig"; path = "Pods/Target Support Files/Pods-MoventumTests/Pods-MoventumTests.release.xcconfig"; sourceTree = "<group>"; };
		299F56532302D31CAE8CB9AC /* Pods-Moventum.release.xcconfig */ = {isa = PBXFileReference; includeInIndex = 1; lastKnownFileType = text.xcconfig; name = "Pods-Moventum.release.xcconfig"; path = "Pods/Target Support Files/Pods-Moventum/Pods-Moventum.release.xcconfig"; sourceTree = "<group>"; };
		3275455AC8D5CD3754FBA751 /* Pods_MoventumTests.framework */ = {isa = PBXFileReference; explicitFileType = wrapper.framework; includeInIndex = 0; path = Pods_MoventumTests.framework; sourceTree = BUILT_PRODUCTS_DIR; };
		5172AA0D1CC00C1F006215CA /* LoginViewModelTests.swift */ = {isa = PBXFileReference; fileEncoding = 4; lastKnownFileType = sourcecode.swift; path = LoginViewModelTests.swift; sourceTree = "<group>"; };
		5172AA0F1CC00C62006215CA /* LoginViewModel.swift */ = {isa = PBXFileReference; fileEncoding = 4; lastKnownFileType = sourcecode.swift; name = LoginViewModel.swift; path = ViewModel/LoginViewModel.swift; sourceTree = "<group>"; };
		5172AA121CC00FD5006215CA /* LoginViewController.swift */ = {isa = PBXFileReference; fileEncoding = 4; lastKnownFileType = sourcecode.swift; name = LoginViewController.swift; path = ViewControllers/LoginViewController.swift; sourceTree = "<group>"; };
		518E0F9F1CBF6DB800DD51AA /* Moventum.app */ = {isa = PBXFileReference; explicitFileType = wrapper.application; includeInIndex = 0; path = Moventum.app; sourceTree = BUILT_PRODUCTS_DIR; };
		518E0FA21CBF6DB800DD51AA /* AppDelegate.swift */ = {isa = PBXFileReference; lastKnownFileType = sourcecode.swift; path = AppDelegate.swift; sourceTree = "<group>"; };
		518E0FA91CBF6DB800DD51AA /* Assets.xcassets */ = {isa = PBXFileReference; lastKnownFileType = folder.assetcatalog; path = Assets.xcassets; sourceTree = "<group>"; };
		518E0FAC1CBF6DB800DD51AA /* Base */ = {isa = PBXFileReference; lastKnownFileType = file.storyboard; name = Base; path = Base.lproj/LaunchScreen.storyboard; sourceTree = "<group>"; };
		518E0FAE1CBF6DB800DD51AA /* Info.plist */ = {isa = PBXFileReference; lastKnownFileType = text.plist.xml; path = Info.plist; sourceTree = "<group>"; };
		518E0FB31CBF6DB800DD51AA /* MoventumTests.xctest */ = {isa = PBXFileReference; explicitFileType = wrapper.cfbundle; includeInIndex = 0; path = MoventumTests.xctest; sourceTree = BUILT_PRODUCTS_DIR; };
		518E0FB91CBF6DB800DD51AA /* Info.plist */ = {isa = PBXFileReference; lastKnownFileType = text.plist.xml; path = Info.plist; sourceTree = "<group>"; };
		518E0FBE1CBF6DB800DD51AA /* MoventumUITests.xctest */ = {isa = PBXFileReference; explicitFileType = wrapper.cfbundle; includeInIndex = 0; path = MoventumUITests.xctest; sourceTree = BUILT_PRODUCTS_DIR; };
		518E0FC41CBF6DB800DD51AA /* Info.plist */ = {isa = PBXFileReference; lastKnownFileType = text.plist.xml; path = Info.plist; sourceTree = "<group>"; };
		51936CF81CC060BF007E8250 /* Login.storyboard */ = {isa = PBXFileReference; fileEncoding = 4; lastKnownFileType = file.storyboard; name = Login.storyboard; path = Storyboards/Login.storyboard; sourceTree = "<group>"; };
		51B15E2E1CBF725200809E8A /* Category.swift */ = {isa = PBXFileReference; fileEncoding = 4; lastKnownFileType = sourcecode.swift; name = Category.swift; path = Models/Category.swift; sourceTree = "<group>"; };
		51B15E301CBF726300809E8A /* Move.swift */ = {isa = PBXFileReference; fileEncoding = 4; lastKnownFileType = sourcecode.swift; name = Move.swift; path = Models/Move.swift; sourceTree = "<group>"; };
		51B15E321CBF726D00809E8A /* Item.swift */ = {isa = PBXFileReference; fileEncoding = 4; lastKnownFileType = sourcecode.swift; name = Item.swift; path = Models/Item.swift; sourceTree = "<group>"; };
		51B15E351CBF72C500809E8A /* CategoryViewModelTests.swift */ = {isa = PBXFileReference; fileEncoding = 4; lastKnownFileType = sourcecode.swift; path = CategoryViewModelTests.swift; sourceTree = "<group>"; };
		51B15E371CBF743400809E8A /* CategoryViewModel.swift */ = {isa = PBXFileReference; fileEncoding = 4; lastKnownFileType = sourcecode.swift; name = CategoryViewModel.swift; path = ViewModel/CategoryViewModel.swift; sourceTree = "<group>"; };
		5848C3A86B1C3CE2E8017492 /* Pods-MoventumUITests.release.xcconfig */ = {isa = PBXFileReference; includeInIndex = 1; lastKnownFileType = text.xcconfig; name = "Pods-MoventumUITests.release.xcconfig"; path = "Pods/Target Support Files/Pods-MoventumUITests/Pods-MoventumUITests.release.xcconfig"; sourceTree = "<group>"; };
		6362DC5C6AB16EEEF7F33190 /* Pods-MoventumTests.debug.xcconfig */ = {isa = PBXFileReference; includeInIndex = 1; lastKnownFileType = text.xcconfig; name = "Pods-MoventumTests.debug.xcconfig"; path = "Pods/Target Support Files/Pods-MoventumTests/Pods-MoventumTests.debug.xcconfig"; sourceTree = "<group>"; };
		8C0B306A787CC66DFC720535 /* Pods_Moventum.framework */ = {isa = PBXFileReference; explicitFileType = wrapper.framework; includeInIndex = 0; path = Pods_Moventum.framework; sourceTree = BUILT_PRODUCTS_DIR; };
		EAABFC56ACB0E4CADEDA86AD /* Pods-Moventum.debug.xcconfig */ = {isa = PBXFileReference; includeInIndex = 1; lastKnownFileType = text.xcconfig; name = "Pods-Moventum.debug.xcconfig"; path = "Pods/Target Support Files/Pods-Moventum/Pods-Moventum.debug.xcconfig"; sourceTree = "<group>"; };
/* End PBXFileReference section */

/* Begin PBXFrameworksBuildPhase section */
		518E0F9C1CBF6DB800DD51AA /* Frameworks */ = {
			isa = PBXFrameworksBuildPhase;
			buildActionMask = 2147483647;
			files = (
				17502042E9D24C97EA6238D6 /* Pods_Moventum.framework in Frameworks */,
			);
			runOnlyForDeploymentPostprocessing = 0;
		};
		518E0FB01CBF6DB800DD51AA /* Frameworks */ = {
			isa = PBXFrameworksBuildPhase;
			buildActionMask = 2147483647;
			files = (
				42C1FF791B440A3F05A17DA4 /* Pods_MoventumTests.framework in Frameworks */,
			);
			runOnlyForDeploymentPostprocessing = 0;
		};
		518E0FBB1CBF6DB800DD51AA /* Frameworks */ = {
			isa = PBXFrameworksBuildPhase;
			buildActionMask = 2147483647;
			files = (
				B9BE3FDCD940A3A1DD239EF6 /* Pods_MoventumUITests.framework in Frameworks */,
			);
			runOnlyForDeploymentPostprocessing = 0;
		};
/* End PBXFrameworksBuildPhase section */

/* Begin PBXGroup section */
		5172AA111CC00CFD006215CA /* Login */ = {
			isa = PBXGroup;
			children = (
				5172AA121CC00FD5006215CA /* LoginViewController.swift */,
				5172AA0F1CC00C62006215CA /* LoginViewModel.swift */,
				51936CF81CC060BF007E8250 /* Login.storyboard */,
			);
			name = Login;
			sourceTree = "<group>";
		};
		518E0F961CBF6DB800DD51AA = {
			isa = PBXGroup;
			children = (
				518E0FA11CBF6DB800DD51AA /* Moventum */,
				518E0FB61CBF6DB800DD51AA /* MoventumTests */,
				518E0FC11CBF6DB800DD51AA /* MoventumUITests */,
				518E0FA01CBF6DB800DD51AA /* Products */,
				E4BDFB629303CF5F8E76D432 /* Pods */,
				8CA9B3A62484AD5D5177D6E9 /* Frameworks */,
			);
			sourceTree = "<group>";
		};
		518E0FA01CBF6DB800DD51AA /* Products */ = {
			isa = PBXGroup;
			children = (
				518E0F9F1CBF6DB800DD51AA /* Moventum.app */,
				518E0FB31CBF6DB800DD51AA /* MoventumTests.xctest */,
				518E0FBE1CBF6DB800DD51AA /* MoventumUITests.xctest */,
			);
			name = Products;
			sourceTree = "<group>";
		};
		518E0FA11CBF6DB800DD51AA /* Moventum */ = {
			isa = PBXGroup;
			children = (
				518E0FA21CBF6DB800DD51AA /* AppDelegate.swift */,
				5172AA111CC00CFD006215CA /* Login */,
				51B15E391CBF744000809E8A /* Category */,
				51B15E341CBF727400809E8A /* Models */,
				518E0FA91CBF6DB800DD51AA /* Assets.xcassets */,
				518E0FAB1CBF6DB800DD51AA /* LaunchScreen.storyboard */,
				518E0FAE1CBF6DB800DD51AA /* Info.plist */,
			);
			path = Moventum;
			sourceTree = "<group>";
		};
		518E0FB61CBF6DB800DD51AA /* MoventumTests */ = {
			isa = PBXGroup;
			children = (
				518E0FB91CBF6DB800DD51AA /* Info.plist */,
				51B15E351CBF72C500809E8A /* CategoryViewModelTests.swift */,
				5172AA0D1CC00C1F006215CA /* LoginViewModelTests.swift */,
			);
			path = MoventumTests;
			sourceTree = "<group>";
		};
		518E0FC11CBF6DB800DD51AA /* MoventumUITests */ = {
			isa = PBXGroup;
			children = (
				518E0FC41CBF6DB800DD51AA /* Info.plist */,
			);
			path = MoventumUITests;
			sourceTree = "<group>";
		};
		51B15E341CBF727400809E8A /* Models */ = {
			isa = PBXGroup;
			children = (
				51B15E2E1CBF725200809E8A /* Category.swift */,
				51B15E301CBF726300809E8A /* Move.swift */,
				51B15E321CBF726D00809E8A /* Item.swift */,
			);
			name = Models;
			sourceTree = "<group>";
		};
		51B15E391CBF744000809E8A /* Category */ = {
			isa = PBXGroup;
			children = (
				51B15E371CBF743400809E8A /* CategoryViewModel.swift */,
			);
			name = Category;
			sourceTree = "<group>";
		};
		8CA9B3A62484AD5D5177D6E9 /* Frameworks */ = {
			isa = PBXGroup;
			children = (
				8C0B306A787CC66DFC720535 /* Pods_Moventum.framework */,
				3275455AC8D5CD3754FBA751 /* Pods_MoventumTests.framework */,
				02CD446ED5A765A5708CD593 /* Pods_MoventumUITests.framework */,
			);
			name = Frameworks;
			sourceTree = "<group>";
		};
		E4BDFB629303CF5F8E76D432 /* Pods */ = {
			isa = PBXGroup;
			children = (
				EAABFC56ACB0E4CADEDA86AD /* Pods-Moventum.debug.xcconfig */,
				299F56532302D31CAE8CB9AC /* Pods-Moventum.release.xcconfig */,
				6362DC5C6AB16EEEF7F33190 /* Pods-MoventumTests.debug.xcconfig */,
				1E1175F3AD7CF66B477F63DC /* Pods-MoventumTests.release.xcconfig */,
				02ABE862D5AD6FFC05C69DE3 /* Pods-MoventumUITests.debug.xcconfig */,
				5848C3A86B1C3CE2E8017492 /* Pods-MoventumUITests.release.xcconfig */,
			);
			name = Pods;
			sourceTree = "<group>";
		};
/* End PBXGroup section */

/* Begin PBXNativeTarget section */
		518E0F9E1CBF6DB800DD51AA /* Moventum */ = {
			isa = PBXNativeTarget;
			buildConfigurationList = 518E0FC71CBF6DB800DD51AA /* Build configuration list for PBXNativeTarget "Moventum" */;
			buildPhases = (
				D22105E54DF7E300E77E8393 /* Check Pods Manifest.lock */,
				518E0F9B1CBF6DB800DD51AA /* Sources */,
				518E0F9C1CBF6DB800DD51AA /* Frameworks */,
				518E0F9D1CBF6DB800DD51AA /* Resources */,
				EC5561091CBEFB941521220E /* Embed Pods Frameworks */,
				60B4EE4E152DE5B303C9DEA2 /* Copy Pods Resources */,
			);
			buildRules = (
			);
			dependencies = (
			);
			name = Moventum;
			productName = Moventum;
			productReference = 518E0F9F1CBF6DB800DD51AA /* Moventum.app */;
			productType = "com.apple.product-type.application";
		};
		518E0FB21CBF6DB800DD51AA /* MoventumTests */ = {
			isa = PBXNativeTarget;
			buildConfigurationList = 518E0FCA1CBF6DB800DD51AA /* Build configuration list for PBXNativeTarget "MoventumTests" */;
			buildPhases = (
				08FF44005682EF9924A696FA /* Check Pods Manifest.lock */,
				518E0FAF1CBF6DB800DD51AA /* Sources */,
				518E0FB01CBF6DB800DD51AA /* Frameworks */,
				518E0FB11CBF6DB800DD51AA /* Resources */,
				0EDC776A1D08456351F28A55 /* Embed Pods Frameworks */,
				E23E00481D630CDC33E36C69 /* Copy Pods Resources */,
			);
			buildRules = (
			);
			dependencies = (
				518E0FB51CBF6DB800DD51AA /* PBXTargetDependency */,
			);
			name = MoventumTests;
			productName = MoventumTests;
			productReference = 518E0FB31CBF6DB800DD51AA /* MoventumTests.xctest */;
			productType = "com.apple.product-type.bundle.unit-test";
		};
		518E0FBD1CBF6DB800DD51AA /* MoventumUITests */ = {
			isa = PBXNativeTarget;
			buildConfigurationList = 518E0FCD1CBF6DB800DD51AA /* Build configuration list for PBXNativeTarget "MoventumUITests" */;
			buildPhases = (
				FD8B0D2E7AB5C7EC8B8E7888 /* Check Pods Manifest.lock */,
				518E0FBA1CBF6DB800DD51AA /* Sources */,
				518E0FBB1CBF6DB800DD51AA /* Frameworks */,
				518E0FBC1CBF6DB800DD51AA /* Resources */,
				A5DE5C6D10C7B123A0CF862B /* Copy Pods Resources */,
			);
			buildRules = (
			);
			dependencies = (
				518E0FC01CBF6DB800DD51AA /* PBXTargetDependency */,
			);
			name = MoventumUITests;
			productName = MoventumUITests;
			productReference = 518E0FBE1CBF6DB800DD51AA /* MoventumUITests.xctest */;
			productType = "com.apple.product-type.bundle.ui-testing";
		};
/* End PBXNativeTarget section */

/* Begin PBXProject section */
		518E0F971CBF6DB800DD51AA /* Project object */ = {
			isa = PBXProject;
			attributes = {
				LastSwiftUpdateCheck = 0730;
				LastUpgradeCheck = 0730;
				ORGANIZATIONNAME = "Eric Seo";
				TargetAttributes = {
					518E0F9E1CBF6DB800DD51AA = {
						CreatedOnToolsVersion = 7.3;
						DevelopmentTeam = 9ZB772CJ2X;
					};
					518E0FB21CBF6DB800DD51AA = {
						CreatedOnToolsVersion = 7.3;
						DevelopmentTeam = 9ZB772CJ2X;
						TestTargetID = 518E0F9E1CBF6DB800DD51AA;
					};
					518E0FBD1CBF6DB800DD51AA = {
						CreatedOnToolsVersion = 7.3;
						DevelopmentTeam = 9ZB772CJ2X;
						TestTargetID = 518E0F9E1CBF6DB800DD51AA;
					};
				};
			};
			buildConfigurationList = 518E0F9A1CBF6DB800DD51AA /* Build configuration list for PBXProject "Moventum" */;
			compatibilityVersion = "Xcode 3.2";
			developmentRegion = English;
			hasScannedForEncodings = 0;
			knownRegions = (
				en,
				Base,
			);
			mainGroup = 518E0F961CBF6DB800DD51AA;
			productRefGroup = 518E0FA01CBF6DB800DD51AA /* Products */;
			projectDirPath = "";
			projectRoot = "";
			targets = (
				518E0F9E1CBF6DB800DD51AA /* Moventum */,
				518E0FB21CBF6DB800DD51AA /* MoventumTests */,
				518E0FBD1CBF6DB800DD51AA /* MoventumUITests */,
			);
		};
/* End PBXProject section */

/* Begin PBXResourcesBuildPhase section */
		518E0F9D1CBF6DB800DD51AA /* Resources */ = {
			isa = PBXResourcesBuildPhase;
			buildActionMask = 2147483647;
			files = (
				518E0FAD1CBF6DB800DD51AA /* LaunchScreen.storyboard in Resources */,
				518E0FAA1CBF6DB800DD51AA /* Assets.xcassets in Resources */,
				51936CF91CC060BF007E8250 /* Login.storyboard in Resources */,
			);
			runOnlyForDeploymentPostprocessing = 0;
		};
		518E0FB11CBF6DB800DD51AA /* Resources */ = {
			isa = PBXResourcesBuildPhase;
			buildActionMask = 2147483647;
			files = (
			);
			runOnlyForDeploymentPostprocessing = 0;
		};
		518E0FBC1CBF6DB800DD51AA /* Resources */ = {
			isa = PBXResourcesBuildPhase;
			buildActionMask = 2147483647;
			files = (
			);
			runOnlyForDeploymentPostprocessing = 0;
		};
/* End PBXResourcesBuildPhase section */

/* Begin PBXShellScriptBuildPhase section */
		08FF44005682EF9924A696FA /* Check Pods Manifest.lock */ = {
			isa = PBXShellScriptBuildPhase;
			buildActionMask = 2147483647;
			files = (
			);
			inputPaths = (
			);
			name = "Check Pods Manifest.lock";
			outputPaths = (
			);
			runOnlyForDeploymentPostprocessing = 0;
			shellPath = /bin/sh;
			shellScript = "diff \"${PODS_ROOT}/../Podfile.lock\" \"${PODS_ROOT}/Manifest.lock\" > /dev/null\nif [[ $? != 0 ]] ; then\n    cat << EOM\nerror: The sandbox is not in sync with the Podfile.lock. Run 'pod install' or update your CocoaPods installation.\nEOM\n    exit 1\nfi\n";
			showEnvVarsInLog = 0;
		};
		0EDC776A1D08456351F28A55 /* Embed Pods Frameworks */ = {
			isa = PBXShellScriptBuildPhase;
			buildActionMask = 2147483647;
			files = (
			);
			inputPaths = (
			);
			name = "Embed Pods Frameworks";
			outputPaths = (
			);
			runOnlyForDeploymentPostprocessing = 0;
			shellPath = /bin/sh;
			shellScript = "\"${SRCROOT}/Pods/Target Support Files/Pods-MoventumTests/Pods-MoventumTests-frameworks.sh\"\n";
			showEnvVarsInLog = 0;
		};
		60B4EE4E152DE5B303C9DEA2 /* Copy Pods Resources */ = {
			isa = PBXShellScriptBuildPhase;
			buildActionMask = 2147483647;
			files = (
			);
			inputPaths = (
			);
			name = "Copy Pods Resources";
			outputPaths = (
			);
			runOnlyForDeploymentPostprocessing = 0;
			shellPath = /bin/sh;
			shellScript = "\"${SRCROOT}/Pods/Target Support Files/Pods-Moventum/Pods-Moventum-resources.sh\"\n";
			showEnvVarsInLog = 0;
		};
		A5DE5C6D10C7B123A0CF862B /* Copy Pods Resources */ = {
			isa = PBXShellScriptBuildPhase;
			buildActionMask = 2147483647;
			files = (
			);
			inputPaths = (
			);
			name = "Copy Pods Resources";
			outputPaths = (
			);
			runOnlyForDeploymentPostprocessing = 0;
			shellPath = /bin/sh;
			shellScript = "\"${SRCROOT}/Pods/Target Support Files/Pods-MoventumUITests/Pods-MoventumUITests-resources.sh\"\n";
			showEnvVarsInLog = 0;
		};
		D22105E54DF7E300E77E8393 /* Check Pods Manifest.lock */ = {
			isa = PBXShellScriptBuildPhase;
			buildActionMask = 2147483647;
			files = (
			);
			inputPaths = (
			);
			name = "Check Pods Manifest.lock";
			outputPaths = (
			);
			runOnlyForDeploymentPostprocessing = 0;
			shellPath = /bin/sh;
			shellScript = "diff \"${PODS_ROOT}/../Podfile.lock\" \"${PODS_ROOT}/Manifest.lock\" > /dev/null\nif [[ $? != 0 ]] ; then\n    cat << EOM\nerror: The sandbox is not in sync with the Podfile.lock. Run 'pod install' or update your CocoaPods installation.\nEOM\n    exit 1\nfi\n";
			showEnvVarsInLog = 0;
		};
		E23E00481D630CDC33E36C69 /* Copy Pods Resources */ = {
			isa = PBXShellScriptBuildPhase;
			buildActionMask = 2147483647;
			files = (
			);
			inputPaths = (
			);
			name = "Copy Pods Resources";
			outputPaths = (
			);
			runOnlyForDeploymentPostprocessing = 0;
			shellPath = /bin/sh;
			shellScript = "\"${SRCROOT}/Pods/Target Support Files/Pods-MoventumTests/Pods-MoventumTests-resources.sh\"\n";
			showEnvVarsInLog = 0;
		};
		EC5561091CBEFB941521220E /* Embed Pods Frameworks */ = {
			isa = PBXShellScriptBuildPhase;
			buildActionMask = 2147483647;
			files = (
			);
			inputPaths = (
			);
			name = "Embed Pods Frameworks";
			outputPaths = (
			);
			runOnlyForDeploymentPostprocessing = 0;
			shellPath = /bin/sh;
			shellScript = "\"${SRCROOT}/Pods/Target Support Files/Pods-Moventum/Pods-Moventum-frameworks.sh\"\n";
			showEnvVarsInLog = 0;
		};
		FD8B0D2E7AB5C7EC8B8E7888 /* Check Pods Manifest.lock */ = {
			isa = PBXShellScriptBuildPhase;
			buildActionMask = 2147483647;
			files = (
			);
			inputPaths = (
			);
			name = "Check Pods Manifest.lock";
			outputPaths = (
			);
			runOnlyForDeploymentPostprocessing = 0;
			shellPath = /bin/sh;
			shellScript = "diff \"${PODS_ROOT}/../Podfile.lock\" \"${PODS_ROOT}/Manifest.lock\" > /dev/null\nif [[ $? != 0 ]] ; then\n    cat << EOM\nerror: The sandbox is not in sync with the Podfile.lock. Run 'pod install' or update your CocoaPods installation.\nEOM\n    exit 1\nfi\n";
			showEnvVarsInLog = 0;
		};
/* End PBXShellScriptBuildPhase section */

/* Begin PBXSourcesBuildPhase section */
		518E0F9B1CBF6DB800DD51AA /* Sources */ = {
			isa = PBXSourcesBuildPhase;
			buildActionMask = 2147483647;
			files = (
				51B15E331CBF726D00809E8A /* Item.swift in Sources */,
				51B15E311CBF726300809E8A /* Move.swift in Sources */,
				518E0FA31CBF6DB800DD51AA /* AppDelegate.swift in Sources */,
				5172AA131CC00FD5006215CA /* LoginViewController.swift in Sources */,
				51B15E381CBF743400809E8A /* CategoryViewModel.swift in Sources */,
				51B15E2F1CBF725200809E8A /* Category.swift in Sources */,
				5172AA101CC00C62006215CA /* LoginViewModel.swift in Sources */,
			);
			runOnlyForDeploymentPostprocessing = 0;
		};
		518E0FAF1CBF6DB800DD51AA /* Sources */ = {
			isa = PBXSourcesBuildPhase;
			buildActionMask = 2147483647;
			files = (
				5172AA0E1CC00C1F006215CA /* LoginViewModelTests.swift in Sources */,
				51B15E361CBF72C500809E8A /* CategoryViewModelTests.swift in Sources */,
			);
			runOnlyForDeploymentPostprocessing = 0;
		};
		518E0FBA1CBF6DB800DD51AA /* Sources */ = {
			isa = PBXSourcesBuildPhase;
			buildActionMask = 2147483647;
			files = (
			);
			runOnlyForDeploymentPostprocessing = 0;
		};
/* End PBXSourcesBuildPhase section */

/* Begin PBXTargetDependency section */
		518E0FB51CBF6DB800DD51AA /* PBXTargetDependency */ = {
			isa = PBXTargetDependency;
			target = 518E0F9E1CBF6DB800DD51AA /* Moventum */;
			targetProxy = 518E0FB41CBF6DB800DD51AA /* PBXContainerItemProxy */;
		};
		518E0FC01CBF6DB800DD51AA /* PBXTargetDependency */ = {
			isa = PBXTargetDependency;
			target = 518E0F9E1CBF6DB800DD51AA /* Moventum */;
			targetProxy = 518E0FBF1CBF6DB800DD51AA /* PBXContainerItemProxy */;
		};
/* End PBXTargetDependency section */

/* Begin PBXVariantGroup section */
		518E0FAB1CBF6DB800DD51AA /* LaunchScreen.storyboard */ = {
			isa = PBXVariantGroup;
			children = (
				518E0FAC1CBF6DB800DD51AA /* Base */,
			);
			name = LaunchScreen.storyboard;
			sourceTree = "<group>";
		};
/* End PBXVariantGroup section */

/* Begin XCBuildConfiguration section */
		518E0FC51CBF6DB800DD51AA /* Debug */ = {
			isa = XCBuildConfiguration;
			buildSettings = {
				ALWAYS_SEARCH_USER_PATHS = NO;
				CLANG_ANALYZER_NONNULL = YES;
				CLANG_CXX_LANGUAGE_STANDARD = "gnu++0x";
				CLANG_CXX_LIBRARY = "libc++";
				CLANG_ENABLE_MODULES = YES;
				CLANG_ENABLE_OBJC_ARC = YES;
				CLANG_WARN_BOOL_CONVERSION = YES;
				CLANG_WARN_CONSTANT_CONVERSION = YES;
				CLANG_WARN_DIRECT_OBJC_ISA_USAGE = YES_ERROR;
				CLANG_WARN_EMPTY_BODY = YES;
				CLANG_WARN_ENUM_CONVERSION = YES;
				CLANG_WARN_INT_CONVERSION = YES;
				CLANG_WARN_OBJC_ROOT_CLASS = YES_ERROR;
				CLANG_WARN_UNREACHABLE_CODE = YES;
				CLANG_WARN__DUPLICATE_METHOD_MATCH = YES;
				"CODE_SIGN_IDENTITY[sdk=iphoneos*]" = "iPhone Developer";
				COPY_PHASE_STRIP = NO;
				DEBUG_INFORMATION_FORMAT = dwarf;
				ENABLE_STRICT_OBJC_MSGSEND = YES;
				ENABLE_TESTABILITY = YES;
				GCC_C_LANGUAGE_STANDARD = gnu99;
				GCC_DYNAMIC_NO_PIC = NO;
				GCC_NO_COMMON_BLOCKS = YES;
				GCC_OPTIMIZATION_LEVEL = 0;
				GCC_PREPROCESSOR_DEFINITIONS = (
					"DEBUG=1",
					"$(inherited)",
				);
				GCC_WARN_64_TO_32_BIT_CONVERSION = YES;
				GCC_WARN_ABOUT_RETURN_TYPE = YES_ERROR;
				GCC_WARN_UNDECLARED_SELECTOR = YES;
				GCC_WARN_UNINITIALIZED_AUTOS = YES_AGGRESSIVE;
				GCC_WARN_UNUSED_FUNCTION = YES;
				GCC_WARN_UNUSED_VARIABLE = YES;
				IPHONEOS_DEPLOYMENT_TARGET = 9.3;
				MTL_ENABLE_DEBUG_INFO = YES;
				ONLY_ACTIVE_ARCH = YES;
				SDKROOT = iphoneos;
				SWIFT_OPTIMIZATION_LEVEL = "-Onone";
				TARGETED_DEVICE_FAMILY = "1,2";
			};
			name = Debug;
		};
		518E0FC61CBF6DB800DD51AA /* Release */ = {
			isa = XCBuildConfiguration;
			buildSettings = {
				ALWAYS_SEARCH_USER_PATHS = NO;
				CLANG_ANALYZER_NONNULL = YES;
				CLANG_CXX_LANGUAGE_STANDARD = "gnu++0x";
				CLANG_CXX_LIBRARY = "libc++";
				CLANG_ENABLE_MODULES = YES;
				CLANG_ENABLE_OBJC_ARC = YES;
				CLANG_WARN_BOOL_CONVERSION = YES;
				CLANG_WARN_CONSTANT_CONVERSION = YES;
				CLANG_WARN_DIRECT_OBJC_ISA_USAGE = YES_ERROR;
				CLANG_WARN_EMPTY_BODY = YES;
				CLANG_WARN_ENUM_CONVERSION = YES;
				CLANG_WARN_INT_CONVERSION = YES;
				CLANG_WARN_OBJC_ROOT_CLASS = YES_ERROR;
				CLANG_WARN_UNREACHABLE_CODE = YES;
				CLANG_WARN__DUPLICATE_METHOD_MATCH = YES;
				"CODE_SIGN_IDENTITY[sdk=iphoneos*]" = "iPhone Developer";
				COPY_PHASE_STRIP = NO;
				DEBUG_INFORMATION_FORMAT = "dwarf-with-dsym";
				ENABLE_NS_ASSERTIONS = NO;
				ENABLE_STRICT_OBJC_MSGSEND = YES;
				GCC_C_LANGUAGE_STANDARD = gnu99;
				GCC_NO_COMMON_BLOCKS = YES;
				GCC_WARN_64_TO_32_BIT_CONVERSION = YES;
				GCC_WARN_ABOUT_RETURN_TYPE = YES_ERROR;
				GCC_WARN_UNDECLARED_SELECTOR = YES;
				GCC_WARN_UNINITIALIZED_AUTOS = YES_AGGRESSIVE;
				GCC_WARN_UNUSED_FUNCTION = YES;
				GCC_WARN_UNUSED_VARIABLE = YES;
				IPHONEOS_DEPLOYMENT_TARGET = 9.3;
				MTL_ENABLE_DEBUG_INFO = NO;
				SDKROOT = iphoneos;
				TARGETED_DEVICE_FAMILY = "1,2";
				VALIDATE_PRODUCT = YES;
			};
			name = Release;
		};
		518E0FC81CBF6DB800DD51AA /* Debug */ = {
			isa = XCBuildConfiguration;
			baseConfigurationReference = EAABFC56ACB0E4CADEDA86AD /* Pods-Moventum.debug.xcconfig */;
			buildSettings = {
				ASSETCATALOG_COMPILER_APPICON_NAME = AppIcon;
				INFOPLIST_FILE = Moventum/Info.plist;
				LD_RUNPATH_SEARCH_PATHS = "$(inherited) @executable_path/Frameworks";
				PRODUCT_BUNDLE_IDENTIFIER = com.eric.Moventum;
				PRODUCT_NAME = "$(TARGET_NAME)";
			};
			name = Debug;
		};
		518E0FC91CBF6DB800DD51AA /* Release */ = {
			isa = XCBuildConfiguration;
			baseConfigurationReference = 299F56532302D31CAE8CB9AC /* Pods-Moventum.release.xcconfig */;
			buildSettings = {
				ASSETCATALOG_COMPILER_APPICON_NAME = AppIcon;
				INFOPLIST_FILE = Moventum/Info.plist;
				LD_RUNPATH_SEARCH_PATHS = "$(inherited) @executable_path/Frameworks";
				PRODUCT_BUNDLE_IDENTIFIER = com.eric.Moventum;
				PRODUCT_NAME = "$(TARGET_NAME)";
			};
			name = Release;
		};
		518E0FCB1CBF6DB800DD51AA /* Debug */ = {
			isa = XCBuildConfiguration;
			baseConfigurationReference = 6362DC5C6AB16EEEF7F33190 /* Pods-MoventumTests.debug.xcconfig */;
			buildSettings = {
				BUNDLE_LOADER = "$(TEST_HOST)";
				CLANG_ENABLE_MODULES = YES;
				INFOPLIST_FILE = MoventumTests/Info.plist;
				LD_RUNPATH_SEARCH_PATHS = "$(inherited) @executable_path/Frameworks @loader_path/Frameworks";
				PRODUCT_BUNDLE_IDENTIFIER = com.eric.MoventumTests;
				PRODUCT_NAME = "$(TARGET_NAME)";
				SWIFT_OPTIMIZATION_LEVEL = "-Onone";
				TEST_HOST = "$(BUILT_PRODUCTS_DIR)/Moventum.app/Moventum";
			};
			name = Debug;
		};
		518E0FCC1CBF6DB800DD51AA /* Release */ = {
			isa = XCBuildConfiguration;
			baseConfigurationReference = 1E1175F3AD7CF66B477F63DC /* Pods-MoventumTests.release.xcconfig */;
			buildSettings = {
				BUNDLE_LOADER = "$(TEST_HOST)";
				CLANG_ENABLE_MODULES = YES;
				INFOPLIST_FILE = MoventumTests/Info.plist;
				LD_RUNPATH_SEARCH_PATHS = "$(inherited) @executable_path/Frameworks @loader_path/Frameworks";
				PRODUCT_BUNDLE_IDENTIFIER = com.eric.MoventumTests;
				PRODUCT_NAME = "$(TARGET_NAME)";
				TEST_HOST = "$(BUILT_PRODUCTS_DIR)/Moventum.app/Moventum";
			};
			name = Release;
		};
		518E0FCE1CBF6DB800DD51AA /* Debug */ = {
			isa = XCBuildConfiguration;
			baseConfigurationReference = 02ABE862D5AD6FFC05C69DE3 /* Pods-MoventumUITests.debug.xcconfig */;
			buildSettings = {
				INFOPLIST_FILE = MoventumUITests/Info.plist;
				LD_RUNPATH_SEARCH_PATHS = "$(inherited) @executable_path/Frameworks @loader_path/Frameworks";
				PRODUCT_BUNDLE_IDENTIFIER = com.eric.MoventumUITests;
				PRODUCT_NAME = "$(TARGET_NAME)";
				TEST_TARGET_NAME = Moventum;
			};
			name = Debug;
		};
		518E0FCF1CBF6DB800DD51AA /* Release */ = {
			isa = XCBuildConfiguration;
			baseConfigurationReference = 5848C3A86B1C3CE2E8017492 /* Pods-MoventumUITests.release.xcconfig */;
			buildSettings = {
				INFOPLIST_FILE = MoventumUITests/Info.plist;
				LD_RUNPATH_SEARCH_PATHS = "$(inherited) @executable_path/Frameworks @loader_path/Frameworks";
				PRODUCT_BUNDLE_IDENTIFIER = com.eric.MoventumUITests;
				PRODUCT_NAME = "$(TARGET_NAME)";
				TEST_TARGET_NAME = Moventum;
			};
			name = Release;
		};
/* End XCBuildConfiguration section */

/* Begin XCConfigurationList section */
		518E0F9A1CBF6DB800DD51AA /* Build configuration list for PBXProject "Moventum" */ = {
			isa = XCConfigurationList;
			buildConfigurations = (
				518E0FC51CBF6DB800DD51AA /* Debug */,
				518E0FC61CBF6DB800DD51AA /* Release */,
			);
			defaultConfigurationIsVisible = 0;
			defaultConfigurationName = Release;
		};
		518E0FC71CBF6DB800DD51AA /* Build configuration list for PBXNativeTarget "Moventum" */ = {
			isa = XCConfigurationList;
			buildConfigurations = (
				518E0FC81CBF6DB800DD51AA /* Debug */,
				518E0FC91CBF6DB800DD51AA /* Release */,
			);
			defaultConfigurationIsVisible = 0;
			defaultConfigurationName = Release;
		};
		518E0FCA1CBF6DB800DD51AA /* Build configuration list for PBXNativeTarget "MoventumTests" */ = {
			isa = XCConfigurationList;
			buildConfigurations = (
				518E0FCB1CBF6DB800DD51AA /* Debug */,
				518E0FCC1CBF6DB800DD51AA /* Release */,
			);
			defaultConfigurationIsVisible = 0;
			defaultConfigurationName = Release;
		};
		518E0FCD1CBF6DB800DD51AA /* Build configuration list for PBXNativeTarget "MoventumUITests" */ = {
			isa = XCConfigurationList;
			buildConfigurations = (
				518E0FCE1CBF6DB800DD51AA /* Debug */,
				518E0FCF1CBF6DB800DD51AA /* Release */,
			);
			defaultConfigurationIsVisible = 0;
			defaultConfigurationName = Release;
		};
/* End XCConfigurationList section */
	};
	rootObject = 518E0F971CBF6DB800DD51AA /* Project object */;
}
